
Microsoft Visual Studio Solution File, Format Version 12.00
# Visual Studio 15
VisualStudioVersion = 15.0.27004.2002
MinimumVisualStudioVersion = 10.0.40219.1
Project("{FAE04EC0-301F-11D3-BF4B-00C04F79EFBC}") = "sawan", "sawan\sawan.csproj", "{D0A00FAB-B6E5-4DD7-B0A1-77C754B7D5B8}"
EndProject
Global
	GlobalSection(SolutionConfigurationPlatforms) = preSolution
		Debug|Any CPU = Debug|Any CPU
		Release|Any CPU = Release|Any CPU
	EndGlobalSection
	GlobalSection(ProjectConfigurationPlatforms) = postSolution
		{D0A00FAB-B6E5-4DD7-B0A1-77C754B7D5B8}.Debug|Any CPU.ActiveCfg = Debug|Any CPU
		{D0A00FAB-B6E5-4DD7-B0A1-77C754B7D5B8}.Debug|Any CPU.Build.0 = Debug|Any CPU
		{D0A00FAB-B6E5-4DD7-B0A1-77C754B7D5B8}.Release|Any CPU.ActiveCfg = Release|Any CPU
		{D0A00FAB-B6E5-4DD7-B0A1-77C754B7D5B8}.Release|Any CPU.Build.0 = Release|Any CPU
	EndGlobalSection
	GlobalSection(SolutionProperties) = preSolution
		HideSolutionNode = FALSE
	EndGlobalSection
	GlobalSection(ExtensibilityGlobals) = postSolution
		SolutionGuid = {AE8CFAFE-3856-4D17-9862-5185BC3F9A76}
	EndGlobalSection
EndGlobal
